# THIS IS AN AUTOGENERATED FILE. DO NOT EDIT THIS FILE DIRECTLY.
# yarn lockfile v1


"@esbuild/aix-ppc64@0.24.2":
  version "0.24.2"
  resolved "https://registry.yarnpkg.com/@esbuild/aix-ppc64/-/aix-ppc64-0.24.2.tgz#38848d3e25afe842a7943643cbcd387cc6e13461"
  integrity sha512-thpVCb/rhxE/BnMLQ7GReQLLN8q9qbHmI55F4489/ByVg2aQaQ6kbcLb6FHkocZzQhxc4gx0sCk0tJkKBFzDhA==

"@esbuild/android-arm64@0.24.2":
  version "0.24.2"
  resolved "https://registry.yarnpkg.com/@esbuild/android-arm64/-/android-arm64-0.24.2.tgz#f592957ae8b5643129fa889c79e69cd8669bb894"
  integrity sha512-cNLgeqCqV8WxfcTIOeL4OAtSmL8JjcN6m09XIgro1Wi7cF4t/THaWEa7eL5CMoMBdjoHOTh/vwTO/o2TRXIyzg==

"@esbuild/android-arm@0.24.2":
  version "0.24.2"
  resolved "https://registry.yarnpkg.com/@esbuild/android-arm/-/android-arm-0.24.2.tgz#72d8a2063aa630308af486a7e5cbcd1e134335b3"
  integrity sha512-tmwl4hJkCfNHwFB3nBa8z1Uy3ypZpxqxfTQOcHX+xRByyYgunVbZ9MzUUfb0RxaHIMnbHagwAxuTL+tnNM+1/Q==

"@esbuild/android-x64@0.24.2":
  version "0.24.2"
  resolved "https://registry.yarnpkg.com/@esbuild/android-x64/-/android-x64-0.24.2.tgz#9a7713504d5f04792f33be9c197a882b2d88febb"
  integrity sha512-B6Q0YQDqMx9D7rvIcsXfmJfvUYLoP722bgfBlO5cGvNVb5V/+Y7nhBE3mHV9OpxBf4eAS2S68KZztiPaWq4XYw==

"@esbuild/darwin-arm64@0.24.2":
  version "0.24.2"
  resolved "https://registry.yarnpkg.com/@esbuild/darwin-arm64/-/darwin-arm64-0.24.2.tgz#02ae04ad8ebffd6e2ea096181b3366816b2b5936"
  integrity sha512-kj3AnYWc+CekmZnS5IPu9D+HWtUI49hbnyqk0FLEJDbzCIQt7hg7ucF1SQAilhtYpIujfaHr6O0UHlzzSPdOeA==

"@esbuild/darwin-x64@0.24.2":
  version "0.24.2"
  resolved "https://registry.yarnpkg.com/@esbuild/darwin-x64/-/darwin-x64-0.24.2.tgz#9ec312bc29c60e1b6cecadc82bd504d8adaa19e9"
  integrity sha512-WeSrmwwHaPkNR5H3yYfowhZcbriGqooyu3zI/3GGpF8AyUdsrrP0X6KumITGA9WOyiJavnGZUwPGvxvwfWPHIA==

"@esbuild/freebsd-arm64@0.24.2":
  version "0.24.2"
  resolved "https://registry.yarnpkg.com/@esbuild/freebsd-arm64/-/freebsd-arm64-0.24.2.tgz#5e82f44cb4906d6aebf24497d6a068cfc152fa00"
  integrity sha512-UN8HXjtJ0k/Mj6a9+5u6+2eZ2ERD7Edt1Q9IZiB5UZAIdPnVKDoG7mdTVGhHJIeEml60JteamR3qhsr1r8gXvg==

"@esbuild/freebsd-x64@0.24.2":
  version "0.24.2"
  resolved "https://registry.yarnpkg.com/@esbuild/freebsd-x64/-/freebsd-x64-0.24.2.tgz#3fb1ce92f276168b75074b4e51aa0d8141ecce7f"
  integrity sha512-TvW7wE/89PYW+IevEJXZ5sF6gJRDY/14hyIGFXdIucxCsbRmLUcjseQu1SyTko+2idmCw94TgyaEZi9HUSOe3Q==

"@esbuild/linux-arm64@0.24.2":
  version "0.24.2"
  resolved "https://registry.yarnpkg.com/@esbuild/linux-arm64/-/linux-arm64-0.24.2.tgz#856b632d79eb80aec0864381efd29de8fd0b1f43"
  integrity sha512-7HnAD6074BW43YvvUmE/35Id9/NB7BeX5EoNkK9obndmZBUk8xmJJeU7DwmUeN7tkysslb2eSl6CTrYz6oEMQg==

"@esbuild/linux-arm@0.24.2":
  version "0.24.2"
  resolved "https://registry.yarnpkg.com/@esbuild/linux-arm/-/linux-arm-0.24.2.tgz#c846b4694dc5a75d1444f52257ccc5659021b736"
  integrity sha512-n0WRM/gWIdU29J57hJyUdIsk0WarGd6To0s+Y+LwvlC55wt+GT/OgkwoXCXvIue1i1sSNWblHEig00GBWiJgfA==

"@esbuild/linux-ia32@0.24.2":
  version "0.24.2"
  resolved "https://registry.yarnpkg.com/@esbuild/linux-ia32/-/linux-ia32-0.24.2.tgz#f8a16615a78826ccbb6566fab9a9606cfd4a37d5"
  integrity sha512-sfv0tGPQhcZOgTKO3oBE9xpHuUqguHvSo4jl+wjnKwFpapx+vUDcawbwPNuBIAYdRAvIDBfZVvXprIj3HA+Ugw==

"@esbuild/linux-loong64@0.24.2":
  version "0.24.2"
  resolved "https://registry.yarnpkg.com/@esbuild/linux-loong64/-/linux-loong64-0.24.2.tgz#1c451538c765bf14913512c76ed8a351e18b09fc"
  integrity sha512-CN9AZr8kEndGooS35ntToZLTQLHEjtVB5n7dl8ZcTZMonJ7CCfStrYhrzF97eAecqVbVJ7APOEe18RPI4KLhwQ==

"@esbuild/linux-mips64el@0.24.2":
  version "0.24.2"
  resolved "https://registry.yarnpkg.com/@esbuild/linux-mips64el/-/linux-mips64el-0.24.2.tgz#0846edeefbc3d8d50645c51869cc64401d9239cb"
  integrity sha512-iMkk7qr/wl3exJATwkISxI7kTcmHKE+BlymIAbHO8xanq/TjHaaVThFF6ipWzPHryoFsesNQJPE/3wFJw4+huw==

"@esbuild/linux-ppc64@0.24.2":
  version "0.24.2"
  resolved "https://registry.yarnpkg.com/@esbuild/linux-ppc64/-/linux-ppc64-0.24.2.tgz#8e3fc54505671d193337a36dfd4c1a23b8a41412"
  integrity sha512-shsVrgCZ57Vr2L8mm39kO5PPIb+843FStGt7sGGoqiiWYconSxwTiuswC1VJZLCjNiMLAMh34jg4VSEQb+iEbw==

"@esbuild/linux-riscv64@0.24.2":
  version "0.24.2"
  resolved "https://registry.yarnpkg.com/@esbuild/linux-riscv64/-/linux-riscv64-0.24.2.tgz#6a1e92096d5e68f7bb10a0d64bb5b6d1daf9a694"
  integrity sha512-4eSFWnU9Hhd68fW16GD0TINewo1L6dRrB+oLNNbYyMUAeOD2yCK5KXGK1GH4qD/kT+bTEXjsyTCiJGHPZ3eM9Q==

"@esbuild/linux-s390x@0.24.2":
  version "0.24.2"
  resolved "https://registry.yarnpkg.com/@esbuild/linux-s390x/-/linux-s390x-0.24.2.tgz#ab18e56e66f7a3c49cb97d337cd0a6fea28a8577"
  integrity sha512-S0Bh0A53b0YHL2XEXC20bHLuGMOhFDO6GN4b3YjRLK//Ep3ql3erpNcPlEFed93hsQAjAQDNsvcK+hV90FubSw==

"@esbuild/linux-x64@0.24.2":
  version "0.24.2"
  resolved "https://registry.yarnpkg.com/@esbuild/linux-x64/-/linux-x64-0.24.2.tgz#8140c9b40da634d380b0b29c837a0b4267aff38f"
  integrity sha512-8Qi4nQcCTbLnK9WoMjdC9NiTG6/E38RNICU6sUNqK0QFxCYgoARqVqxdFmWkdonVsvGqWhmm7MO0jyTqLqwj0Q==

"@esbuild/netbsd-arm64@0.24.2":
  version "0.24.2"
  resolved "https://registry.yarnpkg.com/@esbuild/netbsd-arm64/-/netbsd-arm64-0.24.2.tgz#65f19161432bafb3981f5f20a7ff45abb2e708e6"
  integrity sha512-wuLK/VztRRpMt9zyHSazyCVdCXlpHkKm34WUyinD2lzK07FAHTq0KQvZZlXikNWkDGoT6x3TD51jKQ7gMVpopw==

"@esbuild/netbsd-x64@0.24.2":
  version "0.24.2"
  resolved "https://registry.yarnpkg.com/@esbuild/netbsd-x64/-/netbsd-x64-0.24.2.tgz#7a3a97d77abfd11765a72f1c6f9b18f5396bcc40"
  integrity sha512-VefFaQUc4FMmJuAxmIHgUmfNiLXY438XrL4GDNV1Y1H/RW3qow68xTwjZKfj/+Plp9NANmzbH5R40Meudu8mmw==

"@esbuild/openbsd-arm64@0.24.2":
  version "0.24.2"
  resolved "https://registry.yarnpkg.com/@esbuild/openbsd-arm64/-/openbsd-arm64-0.24.2.tgz#58b00238dd8f123bfff68d3acc53a6ee369af89f"
  integrity sha512-YQbi46SBct6iKnszhSvdluqDmxCJA+Pu280Av9WICNwQmMxV7nLRHZfjQzwbPs3jeWnuAhE9Jy0NrnJ12Oz+0A==

"@esbuild/openbsd-x64@0.24.2":
  version "0.24.2"
  resolved "https://registry.yarnpkg.com/@esbuild/openbsd-x64/-/openbsd-x64-0.24.2.tgz#0ac843fda0feb85a93e288842936c21a00a8a205"
  integrity sha512-+iDS6zpNM6EnJyWv0bMGLWSWeXGN/HTaF/LXHXHwejGsVi+ooqDfMCCTerNFxEkM3wYVcExkeGXNqshc9iMaOA==

"@esbuild/sunos-x64@0.24.2":
  version "0.24.2"
  resolved "https://registry.yarnpkg.com/@esbuild/sunos-x64/-/sunos-x64-0.24.2.tgz#8b7aa895e07828d36c422a4404cc2ecf27fb15c6"
  integrity sha512-hTdsW27jcktEvpwNHJU4ZwWFGkz2zRJUz8pvddmXPtXDzVKTTINmlmga3ZzwcuMpUvLw7JkLy9QLKyGpD2Yxig==

"@esbuild/win32-arm64@0.24.2":
  version "0.24.2"
  resolved "https://registry.yarnpkg.com/@esbuild/win32-arm64/-/win32-arm64-0.24.2.tgz#c023afb647cabf0c3ed13f0eddfc4f1d61c66a85"
  integrity sha512-LihEQ2BBKVFLOC9ZItT9iFprsE9tqjDjnbulhHoFxYQtQfai7qfluVODIYxt1PgdoyQkz23+01rzwNwYfutxUQ==

"@esbuild/win32-ia32@0.24.2":
  version "0.24.2"
  resolved "https://registry.yarnpkg.com/@esbuild/win32-ia32/-/win32-ia32-0.24.2.tgz#96c356132d2dda990098c8b8b951209c3cd743c2"
  integrity sha512-q+iGUwfs8tncmFC9pcnD5IvRHAzmbwQ3GPS5/ceCyHdjXubwQWI12MKWSNSMYLJMq23/IUCvJMS76PDqXe1fxA==

"@esbuild/win32-x64@0.24.2":
  version "0.24.2"
  resolved "https://registry.yarnpkg.com/@esbuild/win32-x64/-/win32-x64-0.24.2.tgz#34aa0b52d0fbb1a654b596acfa595f0c7b77a77b"
  integrity sha512-7VTgWzgMGvup6aSqDPLiW5zHaxYJGTO4OokMjIlrCtf+VpEL+cXKtCvg723iguPYI5oaUNdS+/V7OU2gvXVWEg==

"@jridgewell/gen-mapping@^0.3.5":
  version "0.3.8"
  resolved "https://registry.yarnpkg.com/@jridgewell/gen-mapping/-/gen-mapping-0.3.8.tgz#4f0e06362e01362f823d348f1872b08f666d8142"
  integrity sha512-imAbBGkb+ebQyxKgzv5Hu2nmROxoDOXHh80evxdoXNOrvAnVx7zimzc1Oo5h9RlfV4vPXaE2iM5pOFbvOCClWA==
  dependencies:
    "@jridgewell/set-array" "^1.2.1"
    "@jridgewell/sourcemap-codec" "^1.4.10"
    "@jridgewell/trace-mapping" "^0.3.24"

"@jridgewell/resolve-uri@^3.1.0":
  version "3.1.2"
  resolved "https://registry.yarnpkg.com/@jridgewell/resolve-uri/-/resolve-uri-3.1.2.tgz#7a0ee601f60f99a20c7c7c5ff0c80388c1189bd6"
  integrity sha512-bRISgCIjP20/tbWSPWMEi54QVPRZExkuD9lJL+UIxUKtwVJA8wW1Trb1jMs1RFXo1CBTNZ/5hpC9QvmKWdopKw==

"@jridgewell/set-array@^1.2.1":
  version "1.2.1"
  resolved "https://registry.yarnpkg.com/@jridgewell/set-array/-/set-array-1.2.1.tgz#558fb6472ed16a4c850b889530e6b36438c49280"
  integrity sha512-R8gLRTZeyp03ymzP/6Lil/28tGeGEzhx1q2k703KGWRAI1VdvPIXdG70VJc2pAMw3NA6JKL5hhFu1sJX0Mnn/A==

"@jridgewell/source-map@^0.3.3":
  version "0.3.6"
  resolved "https://registry.yarnpkg.com/@jridgewell/source-map/-/source-map-0.3.6.tgz#9d71ca886e32502eb9362c9a74a46787c36df81a"
  integrity sha512-1ZJTZebgqllO79ue2bm3rIGud/bOe0pP5BjSRCRxxYkEZS8STV7zN84UBbiYu7jy+eCKSnVIUgoWWE/tt+shMQ==
  dependencies:
    "@jridgewell/gen-mapping" "^0.3.5"
    "@jridgewell/trace-mapping" "^0.3.25"

"@jridgewell/sourcemap-codec@^1.4.10", "@jridgewell/sourcemap-codec@^1.4.14":
  version "1.5.0"
  resolved "https://registry.yarnpkg.com/@jridgewell/sourcemap-codec/-/sourcemap-codec-1.5.0.tgz#3188bcb273a414b0d215fd22a58540b989b9409a"
  integrity sha512-gv3ZRaISU3fjPAgNsriBRqGWQL6quFx04YMPW/zD8XMLsU32mhCCbfbO6KZFLjvYpCZ8zyDEgqsgf+PwPaM7GQ==

"@jridgewell/trace-mapping@^0.3.24", "@jridgewell/trace-mapping@^0.3.25":
  version "0.3.25"
  resolved "https://registry.yarnpkg.com/@jridgewell/trace-mapping/-/trace-mapping-0.3.25.tgz#15f190e98895f3fc23276ee14bc76b675c2e50f0"
  integrity sha512-vNk6aEwybGtawWmy/PzwnGDOjCkLWSD2wqvjGGAgOAwCGWySYXfYoxt00IJkTF+8Lb57DwOb3Aa0o9CApepiYQ==
  dependencies:
    "@jridgewell/resolve-uri" "^3.1.0"
    "@jridgewell/sourcemap-codec" "^1.4.14"

"@putout/minify@^4.0.0":
  version "4.9.1"
  resolved "https://registry.yarnpkg.com/@putout/minify/-/minify-4.9.1.tgz#fd2b2eadc7cab03dc5ddf8976f46ed2d33ef1980"
  integrity sha512-ZcuK8GZMdYj3Xf4uw/H0pkdSDUZXiW0NCcA6EIVzloYniKvurPStYyuarfmywobLIxbZNgQdKndXTgF/iLlkxg==

"@swc/core-darwin-arm64@1.10.7":
  version "1.10.7"
  resolved "https://registry.yarnpkg.com/@swc/core-darwin-arm64/-/core-darwin-arm64-1.10.7.tgz#ff727de61faabfbdfe062747e47305ee3472298e"
  integrity sha512-SI0OFg987P6hcyT0Dbng3YRISPS9uhLX1dzW4qRrfqQdb0i75lPJ2YWe9CN47HBazrIA5COuTzrD2Dc0TcVsSQ==

"@swc/core-darwin-x64@1.10.7":
  version "1.10.7"
  resolved "https://registry.yarnpkg.com/@swc/core-darwin-x64/-/core-darwin-x64-1.10.7.tgz#a276d5ee56e7c9fb03201c92c620143f8df6b52e"
  integrity sha512-RFIAmWVicD/l3RzxgHW0R/G1ya/6nyMspE2cAeDcTbjHi0I5qgdhBWd6ieXOaqwEwiCd0Mot1g2VZrLGoBLsjQ==

"@swc/core-linux-arm-gnueabihf@1.10.7":
  version "1.10.7"
  resolved "https://registry.yarnpkg.com/@swc/core-linux-arm-gnueabihf/-/core-linux-arm-gnueabihf-1.10.7.tgz#8f2041b818691e7535bc275d32659e77b5f2fecc"
  integrity sha512-QP8vz7yELWfop5mM5foN6KkLylVO7ZUgWSF2cA0owwIaziactB2hCPZY5QU690coJouk9KmdFsPWDnaCFUP8tg==

"@swc/core-linux-arm64-gnu@1.10.7":
  version "1.10.7"
  resolved "https://registry.yarnpkg.com/@swc/core-linux-arm64-gnu/-/core-linux-arm64-gnu-1.10.7.tgz#c185499f7db12ee95fdceb4c00fb503ed398cf1d"
  integrity sha512-NgUDBGQcOeLNR+EOpmUvSDIP/F7i/OVOKxst4wOvT5FTxhnkWrW+StJGKj+DcUVSK5eWOYboSXr1y+Hlywwokw==

"@swc/core-linux-arm64-musl@1.10.7":
  version "1.10.7"
  resolved "https://registry.yarnpkg.com/@swc/core-linux-arm64-musl/-/core-linux-arm64-musl-1.10.7.tgz#20732c402ba44fbd708e9871aaa10df5597a3d01"
  integrity sha512-gp5Un3EbeSThBIh6oac5ZArV/CsSmTKj5jNuuUAuEsML3VF9vqPO+25VuxCvsRf/z3py+xOWRaN2HY/rjMeZog==

"@swc/core-linux-x64-gnu@1.10.7":
  version "1.10.7"
  resolved "https://registry.yarnpkg.com/@swc/core-linux-x64-gnu/-/core-linux-x64-gnu-1.10.7.tgz#d6310152dd154c0796d1c0d99eb89fc26957c8f6"
  integrity sha512-k/OxLLMl/edYqbZyUNg6/bqEHTXJT15l9WGqsl/2QaIGwWGvles8YjruQYQ9d4h/thSXLT9gd8bExU2D0N+bUA==

"@swc/core-linux-x64-musl@1.10.7":
  version "1.10.7"
  resolved "https://registry.yarnpkg.com/@swc/core-linux-x64-musl/-/core-linux-x64-musl-1.10.7.tgz#e03d4ec66f4234323887774151d1034339d0d7af"
  integrity sha512-XeDoURdWt/ybYmXLCEE8aSiTOzEn0o3Dx5l9hgt0IZEmTts7HgHHVeRgzGXbR4yDo0MfRuX5nE1dYpTmCz0uyA==

"@swc/core-win32-arm64-msvc@1.10.7":
  version "1.10.7"
  resolved "https://registry.yarnpkg.com/@swc/core-win32-arm64-msvc/-/core-win32-arm64-msvc-1.10.7.tgz#f1a8c3149e2671d477af4ca39c761d6ade342d4c"
  integrity sha512-nYAbi/uLS+CU0wFtBx8TquJw2uIMKBnl04LBmiVoFrsIhqSl+0MklaA9FVMGA35NcxSJfcm92Prl2W2LfSnTqQ==

"@swc/core-win32-ia32-msvc@1.10.7":
  version "1.10.7"
  resolved "https://registry.yarnpkg.com/@swc/core-win32-ia32-msvc/-/core-win32-ia32-msvc-1.10.7.tgz#133f3168fee9910566a874eb1d422dc79eb17d54"
  integrity sha512-+aGAbsDsIxeLxw0IzyQLtvtAcI1ctlXVvVcXZMNXIXtTURM876yNrufRo4ngoXB3jnb1MLjIIjgXfFs/eZTUSw==

"@swc/core-win32-x64-msvc@1.10.7":
  version "1.10.7"
  resolved "https://registry.yarnpkg.com/@swc/core-win32-x64-msvc/-/core-win32-x64-msvc-1.10.7.tgz#84d6ed82b2f19bc00b868c9747f03ea6661d8023"
  integrity sha512-TBf4clpDBjF/UUnkKrT0/th76/zwvudk5wwobiTFqDywMApHip5O0VpBgZ+4raY2TM8k5+ujoy7bfHb22zu17Q==

"@swc/core@^1.6.7":
  version "1.10.7"
  resolved "https://registry.yarnpkg.com/@swc/core/-/core-1.10.7.tgz#736a5bbf0db7628cb2de3eac871e331f9a27e60b"
  integrity sha512-py91kjI1jV5D5W/Q+PurBdGsdU5TFbrzamP7zSCqLdMcHkKi3rQEM5jkQcZr0MXXSJTaayLxS3MWYTBIkzPDrg==
  dependencies:
    "@swc/counter" "^0.1.3"
    "@swc/types" "^0.1.17"
  optionalDependencies:
    "@swc/core-darwin-arm64" "1.10.7"
    "@swc/core-darwin-x64" "1.10.7"
    "@swc/core-linux-arm-gnueabihf" "1.10.7"
    "@swc/core-linux-arm64-gnu" "1.10.7"
    "@swc/core-linux-arm64-musl" "1.10.7"
    "@swc/core-linux-x64-gnu" "1.10.7"
    "@swc/core-linux-x64-musl" "1.10.7"
    "@swc/core-win32-arm64-msvc" "1.10.7"
    "@swc/core-win32-ia32-msvc" "1.10.7"
    "@swc/core-win32-x64-msvc" "1.10.7"

"@swc/counter@^0.1.3":
  version "0.1.3"
  resolved "https://registry.yarnpkg.com/@swc/counter/-/counter-0.1.3.tgz#cc7463bd02949611c6329596fccd2b0ec782b0e9"
  integrity sha512-e2BR4lsJkkRlKZ/qCHPw9ZaSxc0MVUd7gtbtaB7aMvHeJVYe8sOB8DBZkP2DtISHGSku9sCK6T6cnY0CtXrOCQ==

"@swc/types@^0.1.17":
  version "0.1.17"
  resolved "https://registry.yarnpkg.com/@swc/types/-/types-0.1.17.tgz#bd1d94e73497f27341bf141abdf4c85230d41e7c"
  integrity sha512-V5gRru+aD8YVyCOMAjMpWR1Ui577DD5KSJsHP8RAxopAH22jFz6GZd/qxqjO6MJHQhcsjvjOFXyDhyLQUnMveQ==
  dependencies:
    "@swc/counter" "^0.1.3"

acorn@^8.8.2:
  version "8.14.0"
  resolved "https://registry.yarnpkg.com/acorn/-/acorn-8.14.0.tgz#063e2c70cac5fb4f6467f0b11152e04c682795b0"
  integrity sha512-cl669nCJTZBsL97OF4kUQm5g5hC2uihk0NxY3WENAC0TYdILVkAyHymAntgxGkl7K+t0cXIrH5siy5S4XkFycA==

ansi-styles@^4.1.0:
  version "4.3.0"
  resolved "https://registry.yarnpkg.com/ansi-styles/-/ansi-styles-4.3.0.tgz#edd803628ae71c04c85ae7a0906edad34b648937"
  integrity sha512-zbB9rCJAT1rbjiVDb2hqKFHNYLxgtk8NURxZ3IZwD3F6NtxbXZQCnnSi1Lkx+IDohdPlFp222wVALIheZJQSEg==
  dependencies:
    color-convert "^2.0.1"

anymatch@~3.1.2:
  version "3.1.3"
  resolved "https://registry.yarnpkg.com/anymatch/-/anymatch-3.1.3.tgz#790c58b19ba1720a84205b57c618d5ad8524973e"
  integrity sha512-KMReFUr0B4t+D+OBkjR3KYqvocp2XaSzO55UcB6mgQMd3KbcE+mWTyvVV7D/zsdEbNnV6acZUutkiHQXvTr1Rw==
  dependencies:
    normalize-path "^3.0.0"
    picomatch "^2.0.4"

async@^3.2.3:
  version "3.2.6"
  resolved "https://registry.yarnpkg.com/async/-/async-3.2.6.tgz#1b0728e14929d51b85b449b7f06e27c1145e38ce"
  integrity sha512-htCUDlxyyCLMgaM3xXg0C0LW2xqfuQ6p05pCEIsXuyQ+a1koYKTuBMzRNwmybfLgvJDMd0r1LTn4+E0Ti6C2AA==

balanced-match@^1.0.0:
  version "1.0.2"
  resolved "https://registry.yarnpkg.com/balanced-match/-/balanced-match-1.0.2.tgz#e83e3a7e3f300b34cb9d87f615fa0cbf357690ee"
  integrity sha512-3oSeUO0TMV67hN1AmbXsK4yaqU7tjiHlbxRDZOpH0KW9+CeX4bRAaX0Anxt0tx2MrpRpWwQaPwIlISEJhYU5Pw==

binary-extensions@^2.0.0:
  version "2.3.0"
  resolved "https://registry.yarnpkg.com/binary-extensions/-/binary-extensions-2.3.0.tgz#f6e14a97858d327252200242d4ccfe522c445522"
  integrity sha512-Ceh+7ox5qe7LJuLHoY0feh3pHuUDHAcRUeyL2VYghZwfpkNIy/+8Ocg0a3UuSoYzavmylwuLWQOf3hl0jjMMIw==

brace-expansion@^1.1.7:
  version "1.1.11"
  resolved "https://registry.yarnpkg.com/brace-expansion/-/brace-expansion-1.1.11.tgz#3c7fcbf529d87226f3d2f52b966ff5271eb441dd"
  integrity sha512-iCuPHDFgrHX7H2vEI/5xpz07zSHB00TpugqhmYtVmMO6518mCuRMoOYFldEBl0g187ufozdaHgWKcYFb61qGiA==
  dependencies:
    balanced-match "^1.0.0"
    concat-map "0.0.1"

brace-expansion@^2.0.1:
  version "2.0.1"
  resolved "https://registry.yarnpkg.com/brace-expansion/-/brace-expansion-2.0.1.tgz#1edc459e0f0c548486ecf9fc99f2221364b9a0ae"
  integrity sha512-XnAIvQ8eM+kC6aULx6wuQiwVsnzsi9d3WxzV3FpWTGA19F621kwdbsAcFKXgKUHZWsy+mY6iL1sHTxWEFCytDA==
  dependencies:
    balanced-match "^1.0.0"

braces@~3.0.2:
  version "3.0.3"
  resolved "https://registry.yarnpkg.com/braces/-/braces-3.0.3.tgz#490332f40919452272d55a8480adc0c441358789"
  integrity sha512-yQbXgO/OSZVD2IsiLlro+7Hf6Q18EJrKSEsdoMzKePKXct3gvD8oLcOQdIzGupr5Fj+EDe8gO/lxc1BzfMpxvA==
  dependencies:
    fill-range "^7.1.1"

buffer-from@^1.0.0:
  version "1.1.2"
  resolved "https://registry.yarnpkg.com/buffer-from/-/buffer-from-1.1.2.tgz#2b146a6fd72e80b4f55d255f35ed59a3a9a41bd5"
  integrity sha512-E+XQCRwSbaaiChtv6k6Dwgc+bx+Bs6vuKJHHl5kox/BaKbhiXzqQOwK4cO22yElGp2OCmjwVhT3HmxgyPGnJfQ==

camel-case@^4.1.2:
  version "4.1.2"
  resolved "https://registry.yarnpkg.com/camel-case/-/camel-case-4.1.2.tgz#9728072a954f805228225a6deea6b38461e1bd5a"
  integrity sha512-gxGWBrTT1JuMx6R+o5PTXMmUnhnVzLQ9SNutD4YqKtI6ap897t3tKECYla6gCWEkplXnlNybEkZg9GEGxKFCgw==
  dependencies:
    pascal-case "^3.1.2"
    tslib "^2.0.3"

chalk@^4.0.2:
  version "4.1.2"
  resolved "https://registry.yarnpkg.com/chalk/-/chalk-4.1.2.tgz#aac4e2b7734a740867aeb16bf02aad556a1e7a01"
  integrity sha512-oKnbhFyRIXpUuez8iBMmyEa4nbj4IOQyuhc/wy9kY7/WVPcwIO9VA668Pu8RkO7+0G76SLROeyw9CpQ061i4mA==
  dependencies:
    ansi-styles "^4.1.0"
    supports-color "^7.1.0"

chokidar@^3.5.2:
  version "3.6.0"
  resolved "https://registry.yarnpkg.com/chokidar/-/chokidar-3.6.0.tgz#197c6cc669ef2a8dc5e7b4d97ee4e092c3eb0d5b"
  integrity sha512-7VT13fmjotKpGipCW9JEQAusEPE+Ei8nl6/g4FBAmIm0GOOLMua9NDDo/DWp0ZAxCr3cPq5ZpBqmPAQgDda2Pw==
  dependencies:
    anymatch "~3.1.2"
    braces "~3.0.2"
    glob-parent "~5.1.2"
    is-binary-path "~2.1.0"
    is-glob "~4.0.1"
    normalize-path "~3.0.0"
    readdirp "~3.6.0"
  optionalDependencies:
    fsevents "~2.3.2"

clean-css@^5.0.1, clean-css@~5.3.2:
  version "5.3.3"
  resolved "https://registry.yarnpkg.com/clean-css/-/clean-css-5.3.3.tgz#b330653cd3bd6b75009cc25c714cae7b93351ccd"
  integrity sha512-D5J+kHaVb/wKSFcyyV75uCn8fiY4sV38XJoe4CUyGQ+mOU/fMVYUdH1hJC+CJQ5uY3EnW27SbJYS4X8BiLrAFg==
  dependencies:
    source-map "~0.6.0"

color-convert@^2.0.1:
  version "2.0.1"
  resolved "https://registry.yarnpkg.com/color-convert/-/color-convert-2.0.1.tgz#72d3a68d598c9bdb3af2ad1e84f21d896abd4de3"
  integrity sha512-RRECPsj7iu/xb5oKYcsFHSppFNnsj/52OVTRKb4zP5onXwVF3zVmmToNcOfGC+CRDpfK/U584fMg38ZHCaElKQ==
  dependencies:
    color-name "~1.1.4"

color-name@~1.1.4:
  version "1.1.4"
  resolved "https://registry.yarnpkg.com/color-name/-/color-name-1.1.4.tgz#c2a09a87acbde69543de6f63fa3995c826c536a2"
  integrity sha512-dOy+3AuW3a2wNbZHIuMZpTcgjGuLU/uBL/ubcZF9OXbDo8ff4O8yVp5Bf0efS8uEoYo5q4Fx7dY9OgQGXgAsQA==

commander@^10.0.0:
  version "10.0.1"
  resolved "https://registry.yarnpkg.com/commander/-/commander-10.0.1.tgz#881ee46b4f77d1c1dccc5823433aa39b022cbe06"
  integrity sha512-y4Mg2tXshplEbSGzx7amzPwKKOCGuoSRP/CjEdwwk0FOGlUbq6lKuoyDZTNZkmxHdJtp54hdfY/JUrdL7Xfdug==

commander@^2.20.0:
  version "2.20.3"
  resolved "https://registry.yarnpkg.com/commander/-/commander-2.20.3.tgz#fd485e84c03eb4881c20722ba48035e8531aeb33"
  integrity sha512-GpVkmM8vF2vQUkj2LvZmD35JxeJOLCwJ9cUkugyk2nuhbv3+mJvpLYYt+0+USMxE+oj+ey/lJEnhZw75x/OMcQ==

concat-map@0.0.1:
  version "0.0.1"
  resolved "https://registry.yarnpkg.com/concat-map/-/concat-map-0.0.1.tgz#d8a96bd77fd68df7793a73036a3ba0d5405d477b"
  integrity sha512-/Srv4dswyQNBfohGpz9o6Yb3Gz3SrUDqBH5rTuhGR7ahtlbYKnVxw2bCFMRljaA7EXHaXZ8wsHdodFvbkhKmqg==

css-b64-images@~0.2.5:
  version "0.2.5"
  resolved "https://registry.yarnpkg.com/css-b64-images/-/css-b64-images-0.2.5.tgz#42005d83204b2b4a5d93b6b1a5644133b5927a02"
  integrity sha512-TgQBEdP07adhrDfXvI5o6bHGukKBNMzp2Ngckc/6d09zpjD2gc1Hl3Ca1CKgb8FXjHi88+Phv2Uegs2kTL4zjg==

debug@^4, debug@^4.1.0:
  version "4.4.0"
  resolved "https://registry.yarnpkg.com/debug/-/debug-4.4.0.tgz#2b3f2aea2ffeb776477460267377dc8710faba8a"
  integrity sha512-6WTZ/IxCY/T6BALoZHaE4ctp9xm+Z5kY/pzYaCHRFeyVhojxlrm+46y68HA6hr0TcwEssoxNiDEUJQjfPZ/RYA==
  dependencies:
    ms "^2.1.3"

detect-libc@^1.0.3:
  version "1.0.3"
  resolved "https://registry.yarnpkg.com/detect-libc/-/detect-libc-1.0.3.tgz#fa137c4bd698edf55cd5cd02ac559f91a4c4ba9b"
  integrity sha512-pGjwhsmsp4kL2RTz08wcOlGN83otlqHeD/Z5T8GXZB+/YcpQ/dgo+lbU8ZsGxV0HIvqqxo9l7mqYwyYMD9bKDg==

dot-case@^3.0.4:
  version "3.0.4"
  resolved "https://registry.yarnpkg.com/dot-case/-/dot-case-3.0.4.tgz#9b2b670d00a431667a8a75ba29cd1b98809ce751"
  integrity sha512-Kv5nKlh6yRrdrGvxeJ2e5y2eRUpkUosIW4A2AS38zwSz27zu7ufDwQPi5Jhs3XAlGNetl3bmnGhQsMtkKJnj3w==
  dependencies:
    no-case "^3.0.4"
    tslib "^2.0.3"

ejs@^3.1.10:
  version "3.1.10"
  resolved "https://registry.yarnpkg.com/ejs/-/ejs-3.1.10.tgz#69ab8358b14e896f80cc39e62087b88500c3ac3b"
  integrity sha512-UeJmFfOrAQS8OJWPZ4qtgHyWExa088/MtK5UEyoJGFH67cDEXkZSviOiKRCZ4Xij0zxI3JECgYs3oKx+AizQBA==
  dependencies:
    jake "^10.8.5"

entities@^4.4.0:
  version "4.5.0"
  resolved "https://registry.yarnpkg.com/entities/-/entities-4.5.0.tgz#5d268ea5e7113ec74c4d033b79ea5a35a488fb48"
  integrity sha512-V0hjH4dGPh9Ao5p0MoRY6BVqtwCjhz6vI5LT8AJ55H+4g9/4vbHx1I54fS0XuclLhDHArPQCiMjDxjaL8fPxhw==

esbuild@^0.24.0:
  version "0.24.2"
  resolved "https://registry.yarnpkg.com/esbuild/-/esbuild-0.24.2.tgz#b5b55bee7de017bff5fb8a4e3e44f2ebe2c3567d"
  integrity sha512-+9egpBW8I3CD5XPe0n6BfT5fxLzxrlDzqydF3aviG+9ni1lDC/OvMHcxqEFV0+LANZG5R1bFMWfUrjVsdwxJvA==
  optionalDependencies:
    "@esbuild/aix-ppc64" "0.24.2"
    "@esbuild/android-arm" "0.24.2"
    "@esbuild/android-arm64" "0.24.2"
    "@esbuild/android-x64" "0.24.2"
    "@esbuild/darwin-arm64" "0.24.2"
    "@esbuild/darwin-x64" "0.24.2"
    "@esbuild/freebsd-arm64" "0.24.2"
    "@esbuild/freebsd-x64" "0.24.2"
    "@esbuild/linux-arm" "0.24.2"
    "@esbuild/linux-arm64" "0.24.2"
    "@esbuild/linux-ia32" "0.24.2"
    "@esbuild/linux-loong64" "0.24.2"
    "@esbuild/linux-mips64el" "0.24.2"
    "@esbuild/linux-ppc64" "0.24.2"
    "@esbuild/linux-riscv64" "0.24.2"
    "@esbuild/linux-s390x" "0.24.2"
    "@esbuild/linux-x64" "0.24.2"
    "@esbuild/netbsd-arm64" "0.24.2"
    "@esbuild/netbsd-x64" "0.24.2"
    "@esbuild/openbsd-arm64" "0.24.2"
    "@esbuild/openbsd-x64" "0.24.2"
    "@esbuild/sunos-x64" "0.24.2"
    "@esbuild/win32-arm64" "0.24.2"
    "@esbuild/win32-ia32" "0.24.2"
    "@esbuild/win32-x64" "0.24.2"

filelist@^1.0.4:
  version "1.0.4"
  resolved "https://registry.yarnpkg.com/filelist/-/filelist-1.0.4.tgz#f78978a1e944775ff9e62e744424f215e58352b5"
  integrity sha512-w1cEuf3S+DrLCQL7ET6kz+gmlJdbq9J7yXCSjK/OZCPA+qEN1WyF4ZAf0YYJa4/shHJra2t/d/r8SV4Ji+x+8Q==
  dependencies:
    minimatch "^5.0.1"

fill-range@^7.1.1:
  version "7.1.1"
  resolved "https://registry.yarnpkg.com/fill-range/-/fill-range-7.1.1.tgz#44265d3cac07e3ea7dc247516380643754a05292"
  integrity sha512-YsGpe3WHLK8ZYi4tWDg2Jy3ebRz2rXowDxnld4bkQB00cc/1Zw9AWnC0i9ztDJitivtQvaI9KaLyKrc+hBW0yg==
  dependencies:
    to-regex-range "^5.0.1"

find-up@^7.0.0:
  version "7.0.0"
  resolved "https://registry.yarnpkg.com/find-up/-/find-up-7.0.0.tgz#e8dec1455f74f78d888ad65bf7ca13dd2b4e66fb"
  integrity sha512-YyZM99iHrqLKjmt4LJDj58KI+fYyufRLBSYcqycxf//KpBk9FoewoGX0450m9nB44qrZnovzC2oeP5hUibxc/g==
  dependencies:
    locate-path "^7.2.0"
    path-exists "^5.0.0"
    unicorn-magic "^0.1.0"

fsevents@~2.3.2:
  version "2.3.3"
  resolved "https://registry.yarnpkg.com/fsevents/-/fsevents-2.3.3.tgz#cac6407785d03675a2a5e1a5305c697b347d90d6"
  integrity sha512-5xoDfX+fL7faATnagmWPpbFtwh/R77WmMMqqHGS65C3vvB0YHrgF+B1YmZ3441tMj5n63k0212XNoJwzlhffQw==

glob-parent@~5.1.2:
  version "5.1.2"
  resolved "https://registry.yarnpkg.com/glob-parent/-/glob-parent-5.1.2.tgz#869832c58034fe68a4093c17dc15e8340d8401c4"
  integrity sha512-AOIgSQCepiJYwP3ARnGx+5VnTu2HBYdzbGP45eLw1vr3zB3vZLeyed1sC9hnbcOc9/SrMyM5RPQrkGz4aS9Zow==
  dependencies:
    is-glob "^4.0.1"

has-flag@^3.0.0:
  version "3.0.0"
  resolved "https://registry.yarnpkg.com/has-flag/-/has-flag-3.0.0.tgz#b5d454dc2199ae225699f3467e5a07f3b955bafd"
  integrity sha512-sKJf1+ceQBr4SMkvQnBDNDtf4TXpVhVGateu0t918bl30FnbE2m4vNLX+VWe/dpjlb+HugGYzW7uQXH98HPEYw==

has-flag@^4.0.0:
  version "4.0.0"
  resolved "https://registry.yarnpkg.com/has-flag/-/has-flag-4.0.0.tgz#944771fd9c81c81265c4d6941860da06bb59479b"
  integrity sha512-EykJT/Q1KjTWctppgIAgfSO0tKVuZUjhgMr17kqTumMl6Afv3EISleU7qZUzoXDFTAHTDC4NOoG/ZxU3EvlMPQ==

html-minifier-terser@^7.1.0:
  version "7.2.0"
  resolved "https://registry.yarnpkg.com/html-minifier-terser/-/html-minifier-terser-7.2.0.tgz#18752e23a2f0ed4b0f550f217bb41693e975b942"
  integrity sha512-tXgn3QfqPIpGl9o+K5tpcj3/MN4SfLtsx2GWwBC3SSd0tXQGyF3gsSqad8loJgKZGM3ZxbYDd5yhiBIdWpmvLA==
  dependencies:
    camel-case "^4.1.2"
    clean-css "~5.3.2"
    commander "^10.0.0"
    entities "^4.4.0"
    param-case "^3.0.4"
    relateurl "^0.2.7"
    terser "^5.15.1"

ignore-by-default@^1.0.1:
  version "1.0.1"
  resolved "https://registry.yarnpkg.com/ignore-by-default/-/ignore-by-default-1.0.1.tgz#48ca6d72f6c6a3af00a9ad4ae6876be3889e2b09"
  integrity sha512-Ius2VYcGNk7T90CppJqcIkS5ooHUZyIQK+ClZfMfMNFEF9VSE73Fq+906u/CWu92x4gzZMWOwfFYckPObzdEbA==

is-binary-path@~2.1.0:
  version "2.1.0"
  resolved "https://registry.yarnpkg.com/is-binary-path/-/is-binary-path-2.1.0.tgz#ea1f7f3b80f064236e83470f86c09c254fb45b09"
  integrity sha512-ZMERYes6pDydyuGidse7OsHxtbI7WVeUEozgR/g7rd0xUimYNlvZRE/K2MgZTjWy725IfelLeVcEM97mmtRGXw==
  dependencies:
    binary-extensions "^2.0.0"

is-extglob@^2.1.1:
  version "2.1.1"
  resolved "https://registry.yarnpkg.com/is-extglob/-/is-extglob-2.1.1.tgz#a88c02535791f02ed37c76a1b9ea9773c833f8c2"
  integrity sha512-SbKbANkN603Vi4jEZv49LeVJMn4yGwsbzZworEoyEiutsN3nJYdbO36zfhGJ6QEDpOZIFkDtnq5JRxmvl3jsoQ==

is-glob@^4.0.1, is-glob@~4.0.1:
  version "4.0.3"
  resolved "https://registry.yarnpkg.com/is-glob/-/is-glob-4.0.3.tgz#64f61e42cbbb2eec2071a9dac0b28ba1e65d5084"
  integrity sha512-xelSayHH36ZgE7ZWhli7pW34hNbNl8Ojv5KVmkJD4hBdD3th8Tfk9vYasLM+mXWOZhFkgZfxhLSnrwRr4elSSg==
  dependencies:
    is-extglob "^2.1.1"

is-number@^7.0.0:
  version "7.0.0"
  resolved "https://registry.yarnpkg.com/is-number/-/is-number-7.0.0.tgz#7535345b896734d5f80c4d06c50955527a14f12b"
  integrity sha512-41Cifkg6e8TylSpdtTpeLVMqvSBEVzTttHvERD741+pnZ8ANv0004MRL43QKPDlK9cGvNp6NZWZUBlbGXYxxng==

jake@^10.8.5:
  version "10.9.2"
  resolved "https://registry.yarnpkg.com/jake/-/jake-10.9.2.tgz#6ae487e6a69afec3a5e167628996b59f35ae2b7f"
  integrity sha512-2P4SQ0HrLQ+fw6llpLnOaGAvN2Zu6778SJMrCUwns4fOoG9ayrTiZk3VV8sCPkVZF8ab0zksVpS8FDY5pRCNBA==
  dependencies:
    async "^3.2.3"
    chalk "^4.0.2"
    filelist "^1.0.4"
    minimatch "^3.1.2"

jju@^1.4.0:
  version "1.4.0"
  resolved "https://registry.yarnpkg.com/jju/-/jju-1.4.0.tgz#a3abe2718af241a2b2904f84a625970f389ae32a"
  integrity sha512-8wb9Yw966OSxApiCt0K3yNJL8pnNeIv+OEq2YMidz4FKP6nonSRoOXc80iXY4JaN2FC11B9qsNmDsm+ZOfMROA==

lightningcss-darwin-arm64@1.29.1:
  version "1.29.1"
  resolved "https://registry.yarnpkg.com/lightningcss-darwin-arm64/-/lightningcss-darwin-arm64-1.29.1.tgz#dce17349c7b9f968f396ec240503de14e7b4870b"
  integrity sha512-HtR5XJ5A0lvCqYAoSv2QdZZyoHNttBpa5EP9aNuzBQeKGfbyH5+UipLWvVzpP4Uml5ej4BYs5I9Lco9u1fECqw==

lightningcss-darwin-x64@1.29.1:
  version "1.29.1"
  resolved "https://registry.yarnpkg.com/lightningcss-darwin-x64/-/lightningcss-darwin-x64-1.29.1.tgz#e79c984180c57d00ee114210ceced83473d72dfc"
  integrity sha512-k33G9IzKUpHy/J/3+9MCO4e+PzaFblsgBjSGlpAaFikeBFm8B/CkO3cKU9oI4g+fjS2KlkLM/Bza9K/aw8wsNA==

lightningcss-freebsd-x64@1.29.1:
  version "1.29.1"
  resolved "https://registry.yarnpkg.com/lightningcss-freebsd-x64/-/lightningcss-freebsd-x64-1.29.1.tgz#4b3aec9620684a60c45266d50fd843869320f42f"
  integrity sha512-0SUW22fv/8kln2LnIdOCmSuXnxgxVC276W5KLTwoehiO0hxkacBxjHOL5EtHD8BAXg2BvuhsJPmVMasvby3LiQ==

lightningcss-linux-arm-gnueabihf@1.29.1:
  version "1.29.1"
  resolved "https://registry.yarnpkg.com/lightningcss-linux-arm-gnueabihf/-/lightningcss-linux-arm-gnueabihf-1.29.1.tgz#b80e9c4dd75652bec451ffd4d5779492a01791ff"
  integrity sha512-sD32pFvlR0kDlqsOZmYqH/68SqUMPNj+0pucGxToXZi4XZgZmqeX/NkxNKCPsswAXU3UeYgDSpGhu05eAufjDg==

lightningcss-linux-arm64-gnu@1.29.1:
  version "1.29.1"
  resolved "https://registry.yarnpkg.com/lightningcss-linux-arm64-gnu/-/lightningcss-linux-arm64-gnu-1.29.1.tgz#7825eb119ddf580a4a4f011c6f384a3f9c992060"
  integrity sha512-0+vClRIZ6mmJl/dxGuRsE197o1HDEeeRk6nzycSy2GofC2JsY4ifCRnvUWf/CUBQmlrvMzt6SMQNMSEu22csWQ==

lightningcss-linux-arm64-musl@1.29.1:
  version "1.29.1"
  resolved "https://registry.yarnpkg.com/lightningcss-linux-arm64-musl/-/lightningcss-linux-arm64-musl-1.29.1.tgz#389efccf80088dce2bb00e28bd7d1cfe36a71669"
  integrity sha512-UKMFrG4rL/uHNgelBsDwJcBqVpzNJbzsKkbI3Ja5fg00sgQnHw/VrzUTEc4jhZ+AN2BvQYz/tkHu4vt1kLuJyw==

lightningcss-linux-x64-gnu@1.29.1:
  version "1.29.1"
  resolved "https://registry.yarnpkg.com/lightningcss-linux-x64-gnu/-/lightningcss-linux-x64-gnu-1.29.1.tgz#98fc5df5e39ac8ddc51e51f785849eb21131f789"
  integrity sha512-u1S+xdODy/eEtjADqirA774y3jLcm8RPtYztwReEXoZKdzgsHYPl0s5V52Tst+GKzqjebkULT86XMSxejzfISw==

lightningcss-linux-x64-musl@1.29.1:
  version "1.29.1"
  resolved "https://registry.yarnpkg.com/lightningcss-linux-x64-musl/-/lightningcss-linux-x64-musl-1.29.1.tgz#fb4f80895ba7dfa8048ee32e9716a1684fefd6b2"
  integrity sha512-L0Tx0DtaNUTzXv0lbGCLB/c/qEADanHbu4QdcNOXLIe1i8i22rZRpbT3gpWYsCh9aSL9zFujY/WmEXIatWvXbw==

lightningcss-win32-arm64-msvc@1.29.1:
  version "1.29.1"
  resolved "https://registry.yarnpkg.com/lightningcss-win32-arm64-msvc/-/lightningcss-win32-arm64-msvc-1.29.1.tgz#fd4409fd1505d89d0ff66511c36df5a1379eb7cd"
  integrity sha512-QoOVnkIEFfbW4xPi+dpdft/zAKmgLgsRHfJalEPYuJDOWf7cLQzYg0DEh8/sn737FaeMJxHZRc1oBreiwZCjog==

lightningcss-win32-x64-msvc@1.29.1:
  version "1.29.1"
  resolved "https://registry.yarnpkg.com/lightningcss-win32-x64-msvc/-/lightningcss-win32-x64-msvc-1.29.1.tgz#54dcd52884f6cbf205a53d49239559603f194927"
  integrity sha512-NygcbThNBe4JElP+olyTI/doBNGJvLs3bFCRPdvuCcxZCcCZ71B858IHpdm7L1btZex0FvCmM17FK98Y9MRy1Q==

lightningcss@^1.28.1:
  version "1.29.1"
  resolved "https://registry.yarnpkg.com/lightningcss/-/lightningcss-1.29.1.tgz#1d4d62332fc5ba4b6c28e04a8c5638c76019702b"
  integrity sha512-FmGoeD4S05ewj+AkhTY+D+myDvXI6eL27FjHIjoyUkO/uw7WZD1fBVs0QxeYWa7E17CUHJaYX/RUGISCtcrG4Q==
  dependencies:
    detect-libc "^1.0.3"
  optionalDependencies:
    lightningcss-darwin-arm64 "1.29.1"
    lightningcss-darwin-x64 "1.29.1"
    lightningcss-freebsd-x64 "1.29.1"
    lightningcss-linux-arm-gnueabihf "1.29.1"
    lightningcss-linux-arm64-gnu "1.29.1"
    lightningcss-linux-arm64-musl "1.29.1"
    lightningcss-linux-x64-gnu "1.29.1"
    lightningcss-linux-x64-musl "1.29.1"
    lightningcss-win32-arm64-msvc "1.29.1"
    lightningcss-win32-x64-msvc "1.29.1"

locate-path@^7.2.0:
  version "7.2.0"
  resolved "https://registry.yarnpkg.com/locate-path/-/locate-path-7.2.0.tgz#69cb1779bd90b35ab1e771e1f2f89a202c2a8a8a"
  integrity sha512-gvVijfZvn7R+2qyPX8mAuKcFGDf6Nc61GdvGafQsHL0sBIxfKzA+usWn4GFC/bk+QdwPUD4kWFJLhElipq+0VA==
  dependencies:
    p-locate "^6.0.0"

lower-case@^2.0.2:
  version "2.0.2"
  resolved "https://registry.yarnpkg.com/lower-case/-/lower-case-2.0.2.tgz#6fa237c63dbdc4a82ca0fd882e4722dc5e634e28"
  integrity sha512-7fm3l3NAF9WfN6W3JOmf5drwpVqX78JtoGJ3A6W0a6ZnldM41w2fV5D490psKFTpMds8TJse/eHLFFsNHHjHgg==
  dependencies:
    tslib "^2.0.3"

minify@^12.0.1:
  version "12.0.1"
  resolved "https://registry.yarnpkg.com/minify/-/minify-12.0.1.tgz#8d93ad208a423e909fcc3a6feb50c23ef05579ba"
  integrity sha512-9/QKcnvtpaGR8g4zaQTmha3pkIE1qfkEzistHFJjwXEDm8d0dpl6aDKUAuUVTnE6HisKhXY87mirO72zksMX/Q==
  dependencies:
    "@putout/minify" "^4.0.0"
    "@swc/core" "^1.6.7"
    clean-css "^5.0.1"
    css-b64-images "~0.2.5"
    debug "^4.1.0"
    esbuild "^0.24.0"
    find-up "^7.0.0"
    html-minifier-terser "^7.1.0"
    lightningcss "^1.28.1"
    readjson "^2.2.2"
    simport "^1.2.0"
    terser "^5.28.1"
    try-catch "^3.0.0"
    try-to-catch "^3.0.0"

minimatch@^3.1.2:
  version "3.1.2"
  resolved "https://registry.yarnpkg.com/minimatch/-/minimatch-3.1.2.tgz#19cd194bfd3e428f049a70817c038d89ab4be35b"
  integrity sha512-J7p63hRiAjw1NDEww1W7i37+ByIrOWO5XQQAzZ3VOcL0PNybwpfmV/N05zFAzwQ9USyEcX6t3UO+K5aqBQOIHw==
  dependencies:
    brace-expansion "^1.1.7"

minimatch@^5.0.1:
  version "5.1.6"
  resolved "https://registry.yarnpkg.com/minimatch/-/minimatch-5.1.6.tgz#1cfcb8cf5522ea69952cd2af95ae09477f122a96"
  integrity sha512-lKwV/1brpG6mBUFHtb7NUmtABCb2WZZmm2wNiOA5hAb8VdCS4B3dtMWyvcoViccwAW/COERjXLt0zP1zXUN26g==
  dependencies:
    brace-expansion "^2.0.1"

ms@^2.1.3:
  version "2.1.3"
  resolved "https://registry.yarnpkg.com/ms/-/ms-2.1.3.tgz#574c8138ce1d2b5861f0b44579dbadd60c6615b2"
  integrity sha512-6FlzubTLZG3J2a/NVCAleEhjzq5oxgHyaCU9yYXvcLsvoVaHJq/s5xXI6/XXP6tz7R9xAOtHnSO/tXtF3WRTlA==

no-case@^3.0.4:
  version "3.0.4"
  resolved "https://registry.yarnpkg.com/no-case/-/no-case-3.0.4.tgz#d361fd5c9800f558551a8369fc0dcd4662b6124d"
  integrity sha512-fgAN3jGAh+RoxUGZHTSOLJIqUc2wmoBwGR4tbpNAKmmovFoWq0OdRkb0VkldReO2a2iBT/OEulG9XSUc10r3zg==
  dependencies:
    lower-case "^2.0.2"
    tslib "^2.0.3"

nodemon@^3.1.9:
  version "3.1.9"
  resolved "https://registry.yarnpkg.com/nodemon/-/nodemon-3.1.9.tgz#df502cdc3b120e1c3c0c6e4152349019efa7387b"
  integrity sha512-hdr1oIb2p6ZSxu3PB2JWWYS7ZQ0qvaZsc3hK8DR8f02kRzc8rjYmxAIvdz+aYC+8F2IjNaB7HMcSDg8nQpJxyg==
  dependencies:
    chokidar "^3.5.2"
    debug "^4"
    ignore-by-default "^1.0.1"
    minimatch "^3.1.2"
    pstree.remy "^1.1.8"
    semver "^7.5.3"
    simple-update-notifier "^2.0.0"
    supports-color "^5.5.0"
    touch "^3.1.0"
    undefsafe "^2.0.5"

normalize-path@^3.0.0, normalize-path@~3.0.0:
  version "3.0.0"
  resolved "https://registry.yarnpkg.com/normalize-path/-/normalize-path-3.0.0.tgz#0dcd69ff23a1c9b11fd0978316644a0388216a65"
  integrity sha512-6eZs5Ls3WtCisHWp9S2GUy8dqkpGi4BVSz3GaqiE6ezub0512ESztXUwUB6C6IKbQkY2Pnb/mD4WYojCRwcwLA==

p-limit@^4.0.0:
  version "4.0.0"
  resolved "https://registry.yarnpkg.com/p-limit/-/p-limit-4.0.0.tgz#914af6544ed32bfa54670b061cafcbd04984b644"
  integrity sha512-5b0R4txpzjPWVw/cXXUResoD4hb6U/x9BH08L7nw+GN1sezDzPdxeRvpc9c433fZhBan/wusjbCsqwqm4EIBIQ==
  dependencies:
    yocto-queue "^1.0.0"

p-locate@^6.0.0:
  version "6.0.0"
  resolved "https://registry.yarnpkg.com/p-locate/-/p-locate-6.0.0.tgz#3da9a49d4934b901089dca3302fa65dc5a05c04f"
  integrity sha512-wPrq66Llhl7/4AGC6I+cqxT07LhXvWL08LNXz1fENOw0Ap4sRZZ/gZpTTJ5jpurzzzfS2W/Ge9BY3LgLjCShcw==
  dependencies:
    p-limit "^4.0.0"

param-case@^3.0.4:
  version "3.0.4"
  resolved "https://registry.yarnpkg.com/param-case/-/param-case-3.0.4.tgz#7d17fe4aa12bde34d4a77d91acfb6219caad01c5"
  integrity sha512-RXlj7zCYokReqWpOPH9oYivUzLYZ5vAPIfEmCTNViosC78F8F0H9y7T7gG2M39ymgutxF5gcFEsyZQSph9Bp3A==
  dependencies:
    dot-case "^3.0.4"
    tslib "^2.0.3"

pascal-case@^3.1.2:
  version "3.1.2"
  resolved "https://registry.yarnpkg.com/pascal-case/-/pascal-case-3.1.2.tgz#b48e0ef2b98e205e7c1dae747d0b1508237660eb"
  integrity sha512-uWlGT3YSnK9x3BQJaOdcZwrnV6hPpd8jFH1/ucpiLRPh/2zCVJKS19E4GvYHvaCcACn3foXZ0cLB9Wrx1KGe5g==
  dependencies:
    no-case "^3.0.4"
    tslib "^2.0.3"

path-exists@^5.0.0:
  version "5.0.0"
  resolved "https://registry.yarnpkg.com/path-exists/-/path-exists-5.0.0.tgz#a6aad9489200b21fab31e49cf09277e5116fb9e7"
  integrity sha512-RjhtfwJOxzcFmNOi6ltcbcu4Iu+FL3zEj83dk4kAS+fVpTxXLO1b38RvJgT/0QwvV/L3aY9TAnyv0EOqW4GoMQ==

picomatch@^2.0.4, picomatch@^2.2.1:
  version "2.3.1"
  resolved "https://registry.yarnpkg.com/picomatch/-/picomatch-2.3.1.tgz#3ba3833733646d9d3e4995946c1365a67fb07a42"
  integrity sha512-JU3teHTNjmE2VCGFzuY8EXzCDVwEqB2a8fsIvwaStHhAWJEeVd1o1QD80CU6+ZdEXXSLbSsuLwJjkCBWqRQUVA==

prettier-plugin-ejs@^1.0.3:
  version "1.0.3"
  resolved "https://registry.yarnpkg.com/prettier-plugin-ejs/-/prettier-plugin-ejs-1.0.3.tgz#e17fcecca29396cd9b5fc284a0558efc14e9aed3"
  integrity sha512-wTL4U/ou6dHHp1ZTfS67SHVb/dRgVhpIOTgCvkgdqF/Lw6A472W90dxFtsWSXIR7GmLZRgZb2PdArR9ozxX7cg==

prettier@3.4.2:
  version "3.4.2"
  resolved "https://registry.yarnpkg.com/prettier/-/prettier-3.4.2.tgz#a5ce1fb522a588bf2b78ca44c6e6fe5aa5a2b13f"
  integrity sha512-e9MewbtFo+Fevyuxn/4rrcDAaq0IYxPGLvObpQjiZBMAzB9IGmzlnG9RZy3FFas+eBMu2vA0CszMeduow5dIuQ==

pstree.remy@^1.1.8:
  version "1.1.8"
  resolved "https://registry.yarnpkg.com/pstree.remy/-/pstree.remy-1.1.8.tgz#c242224f4a67c21f686839bbdb4ac282b8373d3a"
  integrity sha512-77DZwxQmxKnu3aR542U+X8FypNzbfJ+C5XQDk3uWjWxn6151aIMGthWYRXTqT1E5oJvg+ljaa2OJi+VfvCOQ8w==

readdirp@~3.6.0:
  version "3.6.0"
  resolved "https://registry.yarnpkg.com/readdirp/-/readdirp-3.6.0.tgz#74a370bd857116e245b29cc97340cd431a02a6c7"
  integrity sha512-hOS089on8RduqdbhvQ5Z37A0ESjsqz6qnRcffsMU3495FuTdqSm+7bhJ29JvIOsBDEEnan5DPu9t3To9VRlMzA==
  dependencies:
    picomatch "^2.2.1"

readjson@^2.2.0, readjson@^2.2.2:
  version "2.2.2"
  resolved "https://registry.yarnpkg.com/readjson/-/readjson-2.2.2.tgz#ed940ebdd72b88b383e02db7117402f980158959"
  integrity sha512-PdeC9tsmLWBiL8vMhJvocq+OezQ3HhsH2HrN7YkhfYcTjQSa/iraB15A7Qvt7Xpr0Yd2rDNt6GbFwVQDg3HcAw==
  dependencies:
    jju "^1.4.0"
    try-catch "^3.0.0"

relateurl@^0.2.7:
  version "0.2.7"
  resolved "https://registry.yarnpkg.com/relateurl/-/relateurl-0.2.7.tgz#54dbf377e51440aca90a4cd274600d3ff2d888a9"
  integrity sha512-G08Dxvm4iDN3MLM0EsP62EDV9IuhXPR6blNz6Utcp7zyV3tr4HVNINt6MpaRWbxoOHT3Q7YN2P+jaHX8vUbgog==

semver@^7.5.3:
  version "7.6.3"
  resolved "https://registry.yarnpkg.com/semver/-/semver-7.6.3.tgz#980f7b5550bc175fb4dc09403085627f9eb33143"
  integrity sha512-oVekP1cKtI+CTDvHWYFUcMtsK/00wmAEfyqKfNdARm8u1wNVhSgaX7A8d4UuIlUI5e84iEwOhs7ZPYRmzU9U6A==

simple-update-notifier@^2.0.0:
  version "2.0.0"
  resolved "https://registry.yarnpkg.com/simple-update-notifier/-/simple-update-notifier-2.0.0.tgz#d70b92bdab7d6d90dfd73931195a30b6e3d7cebb"
  integrity sha512-a2B9Y0KlNXl9u/vsW6sTIu9vGEpfKu2wRV6l1H3XEas/0gUIzGzBoP/IouTcUQbm9JWZLH3COxyn03TYlFax6w==
  dependencies:
    semver "^7.5.3"

simport@^1.2.0:
  version "1.2.0"
  resolved "https://registry.yarnpkg.com/simport/-/simport-1.2.0.tgz#7baabdc1787b3dd8d9ef157938442ddff14d6e6b"
  integrity sha512-85Bm7pKsqiiQ8rmYCaPDdlXZjJvuW6/k/FY8MTtLFMgU7f8S00CgTHfRtWB6KwSb6ek4p9YyG2enG1+yJbl+CA==
  dependencies:
    readjson "^2.2.0"
    try-to-catch "^3.0.0"

source-map-support@~0.5.20:
  version "0.5.21"
  resolved "https://registry.yarnpkg.com/source-map-support/-/source-map-support-0.5.21.tgz#04fe7c7f9e1ed2d662233c28cb2b35b9f63f6e4f"
  integrity sha512-uBHU3L3czsIyYXKX88fdrGovxdSCoTGDRZ6SYXtSRxLZUzHg5P/66Ht6uoUlHu9EZod+inXhKo3qQgwXUT/y1w==
  dependencies:
    buffer-from "^1.0.0"
    source-map "^0.6.0"

source-map@^0.6.0, source-map@~0.6.0:
  version "0.6.1"
  resolved "https://registry.yarnpkg.com/source-map/-/source-map-0.6.1.tgz#74722af32e9614e9c287a8d0bbde48b5e2f1a263"
  integrity sha512-UjgapumWlbMhkBgzT7Ykc5YXUT46F0iKu8SGXq0bcwP5dz/h0Plj6enJqjz1Zbq2l5WaqYnrVbwWOWMyF3F47g==

supports-color@^5.5.0:
  version "5.5.0"
  resolved "https://registry.yarnpkg.com/supports-color/-/supports-color-5.5.0.tgz#e2e69a44ac8772f78a1ec0b35b689df6530efc8f"
  integrity sha512-QjVjwdXIt408MIiAqCX4oUKsgU2EqAGzs2Ppkm4aQYbjm+ZEWEcW4SfFNTr4uMNZma0ey4f5lgLrkB0aX0QMow==
  dependencies:
    has-flag "^3.0.0"

supports-color@^7.1.0:
  version "7.2.0"
  resolved "https://registry.yarnpkg.com/supports-color/-/supports-color-7.2.0.tgz#1b7dcdcb32b8138801b3e478ba6a51caa89648da"
  integrity sha512-qpCAvRl9stuOHveKsn7HncJRvv501qIacKzQlO/+Lwxc9+0q2wLyv4Dfvt80/DPn2pqOBsJdDiogXGR9+OvwRw==
  dependencies:
    has-flag "^4.0.0"

terser@^5.15.1, terser@^5.28.1:
  version "5.37.0"
  resolved "https://registry.yarnpkg.com/terser/-/terser-5.37.0.tgz#38aa66d1cfc43d0638fab54e43ff8a4f72a21ba3"
  integrity sha512-B8wRRkmre4ERucLM/uXx4MOV5cbnOlVAqUst+1+iLKPI0dOgFO28f84ptoQt9HEI537PMzfYa/d+GEPKTRXmYA==
  dependencies:
    "@jridgewell/source-map" "^0.3.3"
    acorn "^8.8.2"
    commander "^2.20.0"
    source-map-support "~0.5.20"

to-regex-range@^5.0.1:
  version "5.0.1"
  resolved "https://registry.yarnpkg.com/to-regex-range/-/to-regex-range-5.0.1.tgz#1648c44aae7c8d988a326018ed72f5b4dd0392e4"
  integrity sha512-65P7iz6X5yEr1cwcgvQxbbIw7Uk3gOy5dIdtZ4rDveLqhrdJP+Li/Hx6tyK0NEb+2GCyneCMJiGqrADCSNk8sQ==
  dependencies:
    is-number "^7.0.0"

touch@^3.1.0:
  version "3.1.1"
  resolved "https://registry.yarnpkg.com/touch/-/touch-3.1.1.tgz#097a23d7b161476435e5c1344a95c0f75b4a5694"
  integrity sha512-r0eojU4bI8MnHr8c5bNo7lJDdI2qXlWWJk6a9EAFG7vbhTjElYhBVS3/miuE0uOuoLdb8Mc/rVfsmm6eo5o9GA==

try-catch@^3.0.0:
  version "3.0.1"
  resolved "https://registry.yarnpkg.com/try-catch/-/try-catch-3.0.1.tgz#93abdca71ce148a08adb49e08dbd491cd485164d"
  integrity sha512-91yfXw1rr/P6oLpHSyHDOHm0vloVvUoo9FVdw8YwY05QjJQG9OT0LUxe2VRAzmHG+0CUOmI3nhxDUMLxDN/NEQ==

try-to-catch@^3.0.0:
  version "3.0.1"
  resolved "https://registry.yarnpkg.com/try-to-catch/-/try-to-catch-3.0.1.tgz#81ccacb2abd9ef0f313a99eae7752fccf1d17c09"
  integrity sha512-hOY83V84Hx/1sCzDSaJA+Xz2IIQOHRvjxzt+F0OjbQGPZ6yLPLArMA0gw/484MlfUkQbCpKYMLX3VDCAjWKfzQ==

tslib@^2.0.3:
  version "2.8.1"
  resolved "https://registry.yarnpkg.com/tslib/-/tslib-2.8.1.tgz#612efe4ed235d567e8aba5f2a5fab70280ade83f"
  integrity sha512-oJFu94HQb+KVduSUQL7wnpmqnfmLsOA/nAh6b6EH0wCEoK0/mPeXU6c3wKDV83MkOuHPRHtSXKKU99IBazS/2w==

undefsafe@^2.0.5:
  version "2.0.5"
  resolved "https://registry.yarnpkg.com/undefsafe/-/undefsafe-2.0.5.tgz#38733b9327bdcd226db889fb723a6efd162e6e2c"
  integrity sha512-WxONCrssBM8TSPRqN5EmsjVrsv4A8X12J4ArBiiayv3DyyG3ZlIg6yysuuSYdZsVz3TKcTg2fd//Ujd4CHV1iA==

unicorn-magic@^0.1.0:
  version "0.1.0"
  resolved "https://registry.yarnpkg.com/unicorn-magic/-/unicorn-magic-0.1.0.tgz#1bb9a51c823aaf9d73a8bfcd3d1a23dde94b0ce4"
  integrity sha512-lRfVq8fE8gz6QMBuDM6a+LO3IAzTi05H6gCVaUpir2E1Rwpo4ZUog45KpNXKC/Mn3Yb9UDuHumeFTo9iV/D9FQ==

yocto-queue@^1.0.0:
  version "1.1.1"
  resolved "https://registry.yarnpkg.com/yocto-queue/-/yocto-queue-1.1.1.tgz#fef65ce3ac9f8a32ceac5a634f74e17e5b232110"
  integrity sha512-b4JR1PFR10y1mKjhHY9LaGo6tmrgjit7hxVIeAmyMw3jegXR4dhYqLaQF5zMXZxY7tLpMyJeLjr1C4rLmkVe8g==
